
Microsoft Visual Studio Solution File, Format Version 12.00
# Visual Studio Version 17
VisualStudioVersion = 17.11.34909.67
MinimumVisualStudioVersion = 10.0.40219.1
Project("{FAE04EC0-301F-11D3-BF4B-00C04F79EFBC}") = "Chess6x6AI", "Chess6x6AI\Chess6x6AI.csproj", "{D28CF68C-A563-4A9D-92F5-D6A5A560CACB}"
EndProject
Global
	GlobalSection(SolutionConfigurationPlatforms) = preSolution
		Debug|Any CPU = Debug|Any CPU
		Release|Any CPU = Release|Any CPU
	EndGlobalSection
	GlobalSection(ProjectConfigurationPlatforms) = postSolution
		{D28CF68C-A563-4A9D-92F5-D6A5A560CACB}.Debug|Any CPU.ActiveCfg = Debug|Any CPU
		{D28CF68C-A563-4A9D-92F5-D6A5A560CACB}.Debug|Any CPU.Build.0 = Debug|Any CPU
		{D28CF68C-A563-4A9D-92F5-D6A5A560CACB}.Release|Any CPU.ActiveCfg = Release|Any CPU
		{D28CF68C-A563-4A9D-92F5-D6A5A560CACB}.Release|Any CPU.Build.0 = Release|Any CPU
	EndGlobalSection
	GlobalSection(SolutionProperties) = preSolution
		HideSolutionNode = FALSE
	EndGlobalSection
	GlobalSection(ExtensibilityGlobals) = postSolution
		SolutionGuid = {DA061AA0-2B1D-4734-B8EB-A4F5DE6FB4AC}
	EndGlobalSection
EndGlobal
